// !$*UTF8*$!
{
	archiveVersion = 1;
	classes = {
	};
	objectVersion = 77;
	objects = {

/* Begin PBXBuildFile section */
		69F3987A2CAEA0C80037B791 /* SwiftSocket.framework in Frameworks */ = {isa = PBXBuildFile; fileRef = 69F398752CAE9E0C0037B791 /* SwiftSocket.framework */; };
		69F3987B2CAEA0C80037B791 /* SwiftSocket.framework in Embed Frameworks */ = {isa = PBXBuildFile; fileRef = 69F398752CAE9E0C0037B791 /* SwiftSocket.framework */; settings = {ATTRIBUTES = (CodeSignOnCopy, RemoveHeadersOnCopy, ); }; };
/* End PBXBuildFile section */

/* Begin PBXContainerItemProxy section */
		3021AE032CA6D363005D8CB6 /* PBXContainerItemProxy */ = {
			isa = PBXContainerItemProxy;
			containerPortal = 3021ADE92CA6D360005D8CB6 /* Project object */;
			proxyType = 1;
			remoteGlobalIDString = 3021ADF02CA6D361005D8CB6;
			remoteInfo = Tapper;
		};
		3021AE0D2CA6D363005D8CB6 /* PBXContainerItemProxy */ = {
			isa = PBXContainerItemProxy;
			containerPortal = 3021ADE92CA6D360005D8CB6 /* Project object */;
			proxyType = 1;
			remoteGlobalIDString = 3021ADF02CA6D361005D8CB6;
			remoteInfo = Tapper;
		};
		69F398742CAE9E0C0037B791 /* PBXContainerItemProxy */ = {
			isa = PBXContainerItemProxy;
			containerPortal = 69F3986A2CAE9E0C0037B791 /* SwiftSocket.xcodeproj */;
			proxyType = 2;
			remoteGlobalIDString = 377DAA761DCDE45D00009697;
			remoteInfo = "SwiftSocket macOS";
		};
/* End PBXContainerItemProxy section */

/* Begin PBXCopyFilesBuildPhase section */
		69F3987C2CAEA0C80037B791 /* Embed Frameworks */ = {
			isa = PBXCopyFilesBuildPhase;
			buildActionMask = 2147483647;
			dstPath = "";
			dstSubfolderSpec = 10;
			files = (
				69F3987B2CAEA0C80037B791 /* SwiftSocket.framework in Embed Frameworks */,
			);
			name = "Embed Frameworks";
			runOnlyForDeploymentPostprocessing = 0;
		};
/* End PBXCopyFilesBuildPhase section */

/* Begin PBXFileReference section */
		3021ADF12CA6D361005D8CB6 /* Tapper.app */ = {isa = PBXFileReference; explicitFileType = wrapper.application; includeInIndex = 0; path = Tapper.app; sourceTree = BUILT_PRODUCTS_DIR; };
		3021AE022CA6D363005D8CB6 /* TapperTests.xctest */ = {isa = PBXFileReference; explicitFileType = wrapper.cfbundle; includeInIndex = 0; path = TapperTests.xctest; sourceTree = BUILT_PRODUCTS_DIR; };
		3021AE0C2CA6D363005D8CB6 /* TapperUITests.xctest */ = {isa = PBXFileReference; explicitFileType = wrapper.cfbundle; includeInIndex = 0; path = TapperUITests.xctest; sourceTree = BUILT_PRODUCTS_DIR; };
		69D0CC182CAE063D003B594D /* Info.plist */ = {isa = PBXFileReference; lastKnownFileType = text.plist.xml; path = Info.plist; sourceTree = "<group>"; };
		69D0CC192CAE063D003B594D /* Info-tvOS.plist */ = {isa = PBXFileReference; lastKnownFileType = text.plist.xml; path = "Info-tvOS.plist"; sourceTree = "<group>"; };
		69D0CC1A2CAE063D003B594D /* Result.swift */ = {isa = PBXFileReference; lastKnownFileType = sourcecode.swift; path = Result.swift; sourceTree = "<group>"; };
		69D0CC1B2CAE063D003B594D /* Socket.swift */ = {isa = PBXFileReference; lastKnownFileType = sourcecode.swift; path = Socket.swift; sourceTree = "<group>"; };
		69D0CC1C2CAE063D003B594D /* SwiftSocket.h */ = {isa = PBXFileReference; lastKnownFileType = sourcecode.c.h; path = SwiftSocket.h; sourceTree = "<group>"; };
		69D0CC1D2CAE063D003B594D /* TCPClient.swift */ = {isa = PBXFileReference; lastKnownFileType = sourcecode.swift; path = TCPClient.swift; sourceTree = "<group>"; };
		69D0CC1E2CAE063D003B594D /* UDPClient.swift */ = {isa = PBXFileReference; lastKnownFileType = sourcecode.swift; path = UDPClient.swift; sourceTree = "<group>"; };
		69D0CC1F2CAE063D003B594D /* ytcpsocket.c */ = {isa = PBXFileReference; lastKnownFileType = sourcecode.c.c; path = ytcpsocket.c; sourceTree = "<group>"; };
		69D0CC202CAE063D003B594D /* yudpsocket.c */ = {isa = PBXFileReference; lastKnownFileType = sourcecode.c.c; path = yudpsocket.c; sourceTree = "<group>"; };
		69F398522CAE9E0C0037B791 /* AppDelegate.swift */ = {isa = PBXFileReference; lastKnownFileType = sourcecode.swift; path = AppDelegate.swift; sourceTree = "<group>"; };
		69F398532CAE9E0C0037B791 /* Assets.xcassets */ = {isa = PBXFileReference; lastKnownFileType = folder.assetcatalog; path = Assets.xcassets; sourceTree = "<group>"; };
		69F398542CAE9E0C0037B791 /* Info.plist */ = {isa = PBXFileReference; lastKnownFileType = text.plist.xml; path = Info.plist; sourceTree = "<group>"; };
		69F398552CAE9E0C0037B791 /* Base */ = {isa = PBXFileReference; lastKnownFileType = file.storyboard; name = Base; path = Base.lproj/LaunchScreen.storyboard; sourceTree = "<group>"; };
		69F398572CAE9E0C0037B791 /* Base */ = {isa = PBXFileReference; lastKnownFileType = file.storyboard; name = Base; path = Base.lproj/Main.storyboard; sourceTree = "<group>"; };
		69F398592CAE9E0C0037B791 /* ViewController.swift */ = {isa = PBXFileReference; lastKnownFileType = sourcecode.swift; path = ViewController.swift; sourceTree = "<group>"; };
		69F3985B2CAE9E0C0037B791 /* Info.plist */ = {isa = PBXFileReference; lastKnownFileType = text.plist.xml; path = Info.plist; sourceTree = "<group>"; };
		69F3985C2CAE9E0C0037B791 /* Info-tvOS.plist */ = {isa = PBXFileReference; lastKnownFileType = text.plist.xml; path = "Info-tvOS.plist"; sourceTree = "<group>"; };
		69F3985D2CAE9E0C0037B791 /* Result.swift */ = {isa = PBXFileReference; lastKnownFileType = sourcecode.swift; path = Result.swift; sourceTree = "<group>"; };
		69F3985E2CAE9E0C0037B791 /* Socket.swift */ = {isa = PBXFileReference; lastKnownFileType = sourcecode.swift; path = Socket.swift; sourceTree = "<group>"; };
		69F3985F2CAE9E0C0037B791 /* SwiftSocket.h */ = {isa = PBXFileReference; lastKnownFileType = sourcecode.c.h; path = SwiftSocket.h; sourceTree = "<group>"; };
		69F398602CAE9E0C0037B791 /* TCPClient.swift */ = {isa = PBXFileReference; lastKnownFileType = sourcecode.swift; path = TCPClient.swift; sourceTree = "<group>"; };
		69F398612CAE9E0C0037B791 /* UDPClient.swift */ = {isa = PBXFileReference; lastKnownFileType = sourcecode.swift; path = UDPClient.swift; sourceTree = "<group>"; };
		69F398622CAE9E0C0037B791 /* ytcpsocket.c */ = {isa = PBXFileReference; lastKnownFileType = sourcecode.c.c; path = ytcpsocket.c; sourceTree = "<group>"; };
		69F398632CAE9E0C0037B791 /* yudpsocket.c */ = {isa = PBXFileReference; lastKnownFileType = sourcecode.c.c; path = yudpsocket.c; sourceTree = "<group>"; };
		69F398652CAE9E0C0037B791 /* .gitignore */ = {isa = PBXFileReference; lastKnownFileType = text; path = .gitignore; sourceTree = "<group>"; };
		69F398662CAE9E0C0037B791 /* .swift-version */ = {isa = PBXFileReference; lastKnownFileType = text; path = ".swift-version"; sourceTree = "<group>"; };
		69F398672CAE9E0C0037B791 /* LICENSE */ = {isa = PBXFileReference; lastKnownFileType = text; path = LICENSE; sourceTree = "<group>"; };
		69F398682CAE9E0C0037B791 /* README.md */ = {isa = PBXFileReference; lastKnownFileType = net.daringfireball.markdown; path = README.md; sourceTree = "<group>"; };
		69F398692CAE9E0C0037B791 /* SwiftSocket.podspec */ = {isa = PBXFileReference; lastKnownFileType = text; path = SwiftSocket.podspec; sourceTree = "<group>"; };
		69F3986A2CAE9E0C0037B791 /* SwiftSocket.xcodeproj */ = {isa = PBXFileReference; lastKnownFileType = "wrapper.pb-project"; path = SwiftSocket.xcodeproj; sourceTree = "<group>"; };
/* End PBXFileReference section */

/* Begin PBXFileSystemSynchronizedRootGroup section */
		3021ADF32CA6D361005D8CB6 /* Tapper */ = {
			isa = PBXFileSystemSynchronizedRootGroup;
			path = Tapper;
			sourceTree = "<group>";
		};
/* End PBXFileSystemSynchronizedRootGroup section */

/* Begin PBXFrameworksBuildPhase section */
		3021ADEE2CA6D361005D8CB6 /* Frameworks */ = {
			isa = PBXFrameworksBuildPhase;
			buildActionMask = 2147483647;
			files = (
				69F3987A2CAEA0C80037B791 /* SwiftSocket.framework in Frameworks */,
			);
			runOnlyForDeploymentPostprocessing = 0;
		};
		3021ADFF2CA6D363005D8CB6 /* Frameworks */ = {
			isa = PBXFrameworksBuildPhase;
			buildActionMask = 2147483647;
			files = (
			);
			runOnlyForDeploymentPostprocessing = 0;
		};
		3021AE092CA6D363005D8CB6 /* Frameworks */ = {
			isa = PBXFrameworksBuildPhase;
			buildActionMask = 2147483647;
			files = (
			);
			runOnlyForDeploymentPostprocessing = 0;
		};
/* End PBXFrameworksBuildPhase section */

/* Begin PBXGroup section */
		3021ADE82CA6D360005D8CB6 = {
			isa = PBXGroup;
			children = (
				3021ADF32CA6D361005D8CB6 /* Tapper */,
				69D0CC172CAE063D003B594D /* Frameworks */,
				3021ADF22CA6D361005D8CB6 /* Products */,
			);
			sourceTree = "<group>";
		};
		3021ADF22CA6D361005D8CB6 /* Products */ = {
			isa = PBXGroup;
			children = (
				3021ADF12CA6D361005D8CB6 /* Tapper.app */,
				3021AE022CA6D363005D8CB6 /* TapperTests.xctest */,
				3021AE0C2CA6D363005D8CB6 /* TapperUITests.xctest */,
			);
			name = Products;
			sourceTree = "<group>";
		};
		69D0CC172CAE063D003B594D /* Frameworks */ = {
			isa = PBXGroup;
			children = (
				69F3986B2CAE9E0C0037B791 /* SwiftSocket-master */,
				69D0CC212CAE063D003B594D /* Sources */,
			);
			name = Frameworks;
			sourceTree = "<group>";
		};
		69D0CC212CAE063D003B594D /* Sources */ = {
			isa = PBXGroup;
			children = (
				69D0CC182CAE063D003B594D /* Info.plist */,
				69D0CC192CAE063D003B594D /* Info-tvOS.plist */,
				69D0CC1A2CAE063D003B594D /* Result.swift */,
				69D0CC1B2CAE063D003B594D /* Socket.swift */,
				69D0CC1C2CAE063D003B594D /* SwiftSocket.h */,
				69D0CC1D2CAE063D003B594D /* TCPClient.swift */,
				69D0CC1E2CAE063D003B594D /* UDPClient.swift */,
				69D0CC1F2CAE063D003B594D /* ytcpsocket.c */,
				69D0CC202CAE063D003B594D /* yudpsocket.c */,
			);
			name = Sources;
			path = "../../Downloads/SwiftSocket-master/Sources";
			sourceTree = "<group>";
		};
		69F3985A2CAE9E0C0037B791 /* iOS Example */ = {
			isa = PBXGroup;
			children = (
				69F398522CAE9E0C0037B791 /* AppDelegate.swift */,
				69F398532CAE9E0C0037B791 /* Assets.xcassets */,
				69F398542CAE9E0C0037B791 /* Info.plist */,
				69F398562CAE9E0C0037B791 /* LaunchScreen.storyboard */,
				69F398582CAE9E0C0037B791 /* Main.storyboard */,
				69F398592CAE9E0C0037B791 /* ViewController.swift */,
			);
			path = "iOS Example";
			sourceTree = "<group>";
		};
		69F398642CAE9E0C0037B791 /* Sources */ = {
			isa = PBXGroup;
			children = (
				69F3985B2CAE9E0C0037B791 /* Info.plist */,
				69F3985C2CAE9E0C0037B791 /* Info-tvOS.plist */,
				69F3985D2CAE9E0C0037B791 /* Result.swift */,
				69F3985E2CAE9E0C0037B791 /* Socket.swift */,
				69F3985F2CAE9E0C0037B791 /* SwiftSocket.h */,
				69F398602CAE9E0C0037B791 /* TCPClient.swift */,
				69F398612CAE9E0C0037B791 /* UDPClient.swift */,
				69F398622CAE9E0C0037B791 /* ytcpsocket.c */,
				69F398632CAE9E0C0037B791 /* yudpsocket.c */,
			);
			path = Sources;
			sourceTree = "<group>";
		};
		69F3986B2CAE9E0C0037B791 /* SwiftSocket-master */ = {
			isa = PBXGroup;
			children = (
				69F3985A2CAE9E0C0037B791 /* iOS Example */,
				69F398642CAE9E0C0037B791 /* Sources */,
				69F398652CAE9E0C0037B791 /* .gitignore */,
				69F398662CAE9E0C0037B791 /* .swift-version */,
				69F398672CAE9E0C0037B791 /* LICENSE */,
				69F398682CAE9E0C0037B791 /* README.md */,
				69F398692CAE9E0C0037B791 /* SwiftSocket.podspec */,
				69F3986A2CAE9E0C0037B791 /* SwiftSocket.xcodeproj */,
			);
			name = "SwiftSocket-master";
			path = "../../Downloads/SwiftSocket-master";
			sourceTree = "<group>";
		};
		69F3986C2CAE9E0C0037B791 /* Products */ = {
			isa = PBXGroup;
			children = (
				69F398752CAE9E0C0037B791 /* SwiftSocket.framework */,
			);
			name = Products;
			sourceTree = "<group>";
		};
/* End PBXGroup section */

/* Begin PBXNativeTarget section */
		3021ADF02CA6D361005D8CB6 /* Tapper */ = {
			isa = PBXNativeTarget;
			buildConfigurationList = 3021AE162CA6D363005D8CB6 /* Build configuration list for PBXNativeTarget "Tapper" */;
			buildPhases = (
				3021ADED2CA6D361005D8CB6 /* Sources */,
				3021ADEE2CA6D361005D8CB6 /* Frameworks */,
				3021ADEF2CA6D361005D8CB6 /* Resources */,
				69F3987C2CAEA0C80037B791 /* Embed Frameworks */,
			);
			buildRules = (
			);
			dependencies = (
			);
			fileSystemSynchronizedGroups = (
				3021ADF32CA6D361005D8CB6 /* Tapper */,
			);
			name = Tapper;
			packageProductDependencies = (
			);
			productName = Tapper;
			productReference = 3021ADF12CA6D361005D8CB6 /* Tapper.app */;
			productType = "com.apple.product-type.application";
		};
		3021AE012CA6D363005D8CB6 /* TapperTests */ = {
			isa = PBXNativeTarget;
			buildConfigurationList = 3021AE192CA6D363005D8CB6 /* Build configuration list for PBXNativeTarget "TapperTests" */;
			buildPhases = (
				3021ADFE2CA6D363005D8CB6 /* Sources */,
				3021ADFF2CA6D363005D8CB6 /* Frameworks */,
				3021AE002CA6D363005D8CB6 /* Resources */,
			);
			buildRules = (
			);
			dependencies = (
				3021AE042CA6D363005D8CB6 /* PBXTargetDependency */,
			);
			name = TapperTests;
			packageProductDependencies = (
			);
			productName = TapperTests;
			productReference = 3021AE022CA6D363005D8CB6 /* TapperTests.xctest */;
			productType = "com.apple.product-type.bundle.unit-test";
		};
		3021AE0B2CA6D363005D8CB6 /* TapperUITests */ = {
			isa = PBXNativeTarget;
			buildConfigurationList = 3021AE1C2CA6D363005D8CB6 /* Build configuration list for PBXNativeTarget "TapperUITests" */;
			buildPhases = (
				3021AE082CA6D363005D8CB6 /* Sources */,
				3021AE092CA6D363005D8CB6 /* Frameworks */,
				3021AE0A2CA6D363005D8CB6 /* Resources */,
			);
			buildRules = (
			);
			dependencies = (
				3021AE0E2CA6D363005D8CB6 /* PBXTargetDependency */,
			);
			name = TapperUITests;
			packageProductDependencies = (
			);
			productName = TapperUITests;
			productReference = 3021AE0C2CA6D363005D8CB6 /* TapperUITests.xctest */;
			productType = "com.apple.product-type.bundle.ui-testing";
		};
/* End PBXNativeTarget section */

/* Begin PBXProject section */
		3021ADE92CA6D360005D8CB6 /* Project object */ = {
			isa = PBXProject;
			attributes = {
				BuildIndependentTargetsInParallel = 1;
				LastSwiftUpdateCheck = 1600;
				LastUpgradeCheck = 1600;
				TargetAttributes = {
					3021ADF02CA6D361005D8CB6 = {
						CreatedOnToolsVersion = 16.0;
					};
					3021AE012CA6D363005D8CB6 = {
						CreatedOnToolsVersion = 16.0;
						TestTargetID = 3021ADF02CA6D361005D8CB6;
					};
					3021AE0B2CA6D363005D8CB6 = {
						CreatedOnToolsVersion = 16.0;
						TestTargetID = 3021ADF02CA6D361005D8CB6;
					};
				};
			};
			buildConfigurationList = 3021ADEC2CA6D360005D8CB6 /* Build configuration list for PBXProject "Tapper" */;
			developmentRegion = en;
			hasScannedForEncodings = 0;
			knownRegions = (
				en,
				Base,
			);
			mainGroup = 3021ADE82CA6D360005D8CB6;
			minimizedProjectReferenceProxies = 1;
			packageReferences = (
				69BCB4EE2CAD907F009E68B5 /* XCRemoteSwiftPackageReference "SwiftSocket" */,
			);
			preferredProjectObjectVersion = 77;
			productRefGroup = 3021ADF22CA6D361005D8CB6 /* Products */;
			projectDirPath = "";
			projectReferences = (
				{
					ProductGroup = 69F3986C2CAE9E0C0037B791 /* Products */;
					ProjectRef = 69F3986A2CAE9E0C0037B791 /* SwiftSocket.xcodeproj */;
				},
			);
			projectRoot = "";
			targets = (
				3021ADF02CA6D361005D8CB6 /* Tapper */,
				3021AE012CA6D363005D8CB6 /* TapperTests */,
				3021AE0B2CA6D363005D8CB6 /* TapperUITests */,
			);
		};
/* End PBXProject section */

/* Begin PBXReferenceProxy section */
		69F398752CAE9E0C0037B791 /* SwiftSocket.framework */ = {
			isa = PBXReferenceProxy;
			fileType = wrapper.framework;
			path = SwiftSocket.framework;
			remoteRef = 69F398742CAE9E0C0037B791 /* PBXContainerItemProxy */;
			sourceTree = BUILT_PRODUCTS_DIR;
		};
/* End PBXReferenceProxy section */

/* Begin PBXResourcesBuildPhase section */
		3021ADEF2CA6D361005D8CB6 /* Resources */ = {
			isa = PBXResourcesBuildPhase;
			buildActionMask = 2147483647;
			files = (
			);
			runOnlyForDeploymentPostprocessing = 0;
		};
		3021AE002CA6D363005D8CB6 /* Resources */ = {
			isa = PBXResourcesBuildPhase;
			buildActionMask = 2147483647;
			files = (
			);
			runOnlyForDeploymentPostprocessing = 0;
		};
		3021AE0A2CA6D363005D8CB6 /* Resources */ = {
			isa = PBXResourcesBuildPhase;
			buildActionMask = 2147483647;
			files = (
			);
			runOnlyForDeploymentPostprocessing = 0;
		};
/* End PBXResourcesBuildPhase section */

/* Begin PBXSourcesBuildPhase section */
		3021ADED2CA6D361005D8CB6 /* Sources */ = {
			isa = PBXSourcesBuildPhase;
			buildActionMask = 2147483647;
			files = (
			);
			runOnlyForDeploymentPostprocessing = 0;
		};
		3021ADFE2CA6D363005D8CB6 /* Sources */ = {
			isa = PBXSourcesBuildPhase;
			buildActionMask = 2147483647;
			files = (
			);
			runOnlyForDeploymentPostprocessing = 0;
		};
		3021AE082CA6D363005D8CB6 /* Sources */ = {
			isa = PBXSourcesBuildPhase;
			buildActionMask = 2147483647;
			files = (
			);
			runOnlyForDeploymentPostprocessing = 0;
		};
/* End PBXSourcesBuildPhase section */

/* Begin PBXTargetDependency section */
		3021AE042CA6D363005D8CB6 /* PBXTargetDependency */ = {
			isa = PBXTargetDependency;
			target = 3021ADF02CA6D361005D8CB6 /* Tapper */;
			targetProxy = 3021AE032CA6D363005D8CB6 /* PBXContainerItemProxy */;
		};
		3021AE0E2CA6D363005D8CB6 /* PBXTargetDependency */ = {
			isa = PBXTargetDependency;
			target = 3021ADF02CA6D361005D8CB6 /* Tapper */;
			targetProxy = 3021AE0D2CA6D363005D8CB6 /* PBXContainerItemProxy */;
		};
/* End PBXTargetDependency section */

/* Begin PBXVariantGroup section */
		69F398562CAE9E0C0037B791 /* LaunchScreen.storyboard */ = {
			isa = PBXVariantGroup;
			children = (
				69F398552CAE9E0C0037B791 /* Base */,
			);
			name = LaunchScreen.storyboard;
			sourceTree = "<group>";
		};
		69F398582CAE9E0C0037B791 /* Main.storyboard */ = {
			isa = PBXVariantGroup;
			children = (
				69F398572CAE9E0C0037B791 /* Base */,
			);
			name = Main.storyboard;
			sourceTree = "<group>";
		};
/* End PBXVariantGroup section */

/* Begin XCBuildConfiguration section */
		3021AE142CA6D363005D8CB6 /* Debug */ = {
			isa = XCBuildConfiguration;
			buildSettings = {
				ALWAYS_SEARCH_USER_PATHS = NO;
				ASSETCATALOG_COMPILER_GENERATE_SWIFT_ASSET_SYMBOL_EXTENSIONS = YES;
				CLANG_ANALYZER_NONNULL = YES;
				CLANG_ANALYZER_NUMBER_OBJECT_CONVERSION = YES_AGGRESSIVE;
				CLANG_CXX_LANGUAGE_STANDARD = "gnu++20";
				CLANG_ENABLE_MODULES = YES;
				CLANG_ENABLE_OBJC_ARC = YES;
				CLANG_ENABLE_OBJC_WEAK = YES;
				CLANG_WARN_BLOCK_CAPTURE_AUTORELEASING = YES;
				CLANG_WARN_BOOL_CONVERSION = YES;
				CLANG_WARN_COMMA = YES;
				CLANG_WARN_CONSTANT_CONVERSION = YES;
				CLANG_WARN_DEPRECATED_OBJC_IMPLEMENTATIONS = YES;
				CLANG_WARN_DIRECT_OBJC_ISA_USAGE = YES_ERROR;
				CLANG_WARN_DOCUMENTATION_COMMENTS = YES;
				CLANG_WARN_EMPTY_BODY = YES;
				CLANG_WARN_ENUM_CONVERSION = YES;
				CLANG_WARN_INFINITE_RECURSION = YES;
				CLANG_WARN_INT_CONVERSION = YES;
				CLANG_WARN_NON_LITERAL_NULL_CONVERSION = YES;
				CLANG_WARN_OBJC_IMPLICIT_RETAIN_SELF = YES;
				CLANG_WARN_OBJC_LITERAL_CONVERSION = YES;
				CLANG_WARN_OBJC_ROOT_CLASS = YES_ERROR;
				CLANG_WARN_QUOTED_INCLUDE_IN_FRAMEWORK_HEADER = YES;
				CLANG_WARN_RANGE_LOOP_ANALYSIS = YES;
				CLANG_WARN_STRICT_PROTOTYPES = YES;
				CLANG_WARN_SUSPICIOUS_MOVE = YES;
				CLANG_WARN_UNGUARDED_AVAILABILITY = YES_AGGRESSIVE;
				CLANG_WARN_UNREACHABLE_CODE = YES;
				CLANG_WARN__DUPLICATE_METHOD_MATCH = YES;
				COPY_PHASE_STRIP = NO;
				DEBUG_INFORMATION_FORMAT = dwarf;
				ENABLE_STRICT_OBJC_MSGSEND = YES;
				ENABLE_TESTABILITY = YES;
				ENABLE_USER_SCRIPT_SANDBOXING = YES;
				GCC_C_LANGUAGE_STANDARD = gnu17;
				GCC_DYNAMIC_NO_PIC = NO;
				GCC_NO_COMMON_BLOCKS = YES;
				GCC_OPTIMIZATION_LEVEL = 0;
				GCC_PREPROCESSOR_DEFINITIONS = (
					"DEBUG=1",
					"$(inherited)",
				);
				GCC_WARN_64_TO_32_BIT_CONVERSION = YES;
				GCC_WARN_ABOUT_RETURN_TYPE = YES_ERROR;
				GCC_WARN_UNDECLARED_SELECTOR = YES;
				GCC_WARN_UNINITIALIZED_AUTOS = YES_AGGRESSIVE;
				GCC_WARN_UNUSED_FUNCTION = YES;
				GCC_WARN_UNUSED_VARIABLE = YES;
				LOCALIZATION_PREFERS_STRING_CATALOGS = YES;
				MACOSX_DEPLOYMENT_TARGET = 15.0;
				MTL_ENABLE_DEBUG_INFO = INCLUDE_SOURCE;
				MTL_FAST_MATH = YES;
				ONLY_ACTIVE_ARCH = YES;
				SDKROOT = macosx;
				SWIFT_ACTIVE_COMPILATION_CONDITIONS = "DEBUG $(inherited)";
				SWIFT_OPTIMIZATION_LEVEL = "-Onone";
			};
			name = Debug;
		};
		3021AE152CA6D363005D8CB6 /* Release */ = {
			isa = XCBuildConfiguration;
			buildSettings = {
				ALWAYS_SEARCH_USER_PATHS = NO;
				ASSETCATALOG_COMPILER_GENERATE_SWIFT_ASSET_SYMBOL_EXTENSIONS = YES;
				CLANG_ANALYZER_NONNULL = YES;
				CLANG_ANALYZER_NUMBER_OBJECT_CONVERSION = YES_AGGRESSIVE;
				CLANG_CXX_LANGUAGE_STANDARD = "gnu++20";
				CLANG_ENABLE_MODULES = YES;
				CLANG_ENABLE_OBJC_ARC = YES;
				CLANG_ENABLE_OBJC_WEAK = YES;
				CLANG_WARN_BLOCK_CAPTURE_AUTORELEASING = YES;
				CLANG_WARN_BOOL_CONVERSION = YES;
				CLANG_WARN_COMMA = YES;
				CLANG_WARN_CONSTANT_CONVERSION = YES;
				CLANG_WARN_DEPRECATED_OBJC_IMPLEMENTATIONS = YES;
				CLANG_WARN_DIRECT_OBJC_ISA_USAGE = YES_ERROR;
				CLANG_WARN_DOCUMENTATION_COMMENTS = YES;
				CLANG_WARN_EMPTY_BODY = YES;
				CLANG_WARN_ENUM_CONVERSION = YES;
				CLANG_WARN_INFINITE_RECURSION = YES;
				CLANG_WARN_INT_CONVERSION = YES;
				CLANG_WARN_NON_LITERAL_NULL_CONVERSION = YES;
				CLANG_WARN_OBJC_IMPLICIT_RETAIN_SELF = YES;
				CLANG_WARN_OBJC_LITERAL_CONVERSION = YES;
				CLANG_WARN_OBJC_ROOT_CLASS = YES_ERROR;
				CLANG_WARN_QUOTED_INCLUDE_IN_FRAMEWORK_HEADER = YES;
				CLANG_WARN_RANGE_LOOP_ANALYSIS = YES;
				CLANG_WARN_STRICT_PROTOTYPES = YES;
				CLANG_WARN_SUSPICIOUS_MOVE = YES;
				CLANG_WARN_UNGUARDED_AVAILABILITY = YES_AGGRESSIVE;
				CLANG_WARN_UNREACHABLE_CODE = YES;
				CLANG_WARN__DUPLICATE_METHOD_MATCH = YES;
				COPY_PHASE_STRIP = NO;
				DEBUG_INFORMATION_FORMAT = "dwarf-with-dsym";
				ENABLE_NS_ASSERTIONS = NO;
				ENABLE_STRICT_OBJC_MSGSEND = YES;
				ENABLE_USER_SCRIPT_SANDBOXING = YES;
				GCC_C_LANGUAGE_STANDARD = gnu17;
				GCC_NO_COMMON_BLOCKS = YES;
				GCC_WARN_64_TO_32_BIT_CONVERSION = YES;
				GCC_WARN_ABOUT_RETURN_TYPE = YES_ERROR;
				GCC_WARN_UNDECLARED_SELECTOR = YES;
				GCC_WARN_UNINITIALIZED_AUTOS = YES_AGGRESSIVE;
				GCC_WARN_UNUSED_FUNCTION = YES;
				GCC_WARN_UNUSED_VARIABLE = YES;
				LOCALIZATION_PREFERS_STRING_CATALOGS = YES;
				MACOSX_DEPLOYMENT_TARGET = 15.0;
				MTL_ENABLE_DEBUG_INFO = NO;
				MTL_FAST_MATH = YES;
				SDKROOT = macosx;
				SWIFT_COMPILATION_MODE = wholemodule;
			};
			name = Release;
		};
		3021AE172CA6D363005D8CB6 /* Debug */ = {
			isa = XCBuildConfiguration;
			buildSettings = {
				ASSETCATALOG_COMPILER_APPICON_NAME = AppIcon;
				ASSETCATALOG_COMPILER_GLOBAL_ACCENT_COLOR_NAME = AccentColor;
				ASSETCATALOG_COMPILER_INCLUDE_ALL_APPICON_ASSETS = NO;
				CODE_SIGN_ENTITLEMENTS = Tapper/Tapper.entitlements;
				CODE_SIGN_STYLE = Automatic;
				COMBINE_HIDPI_IMAGES = YES;
				CURRENT_PROJECT_VERSION = 1;
				DEVELOPMENT_ASSET_PATHS = "";
				ENABLE_PREVIEWS = YES;
				GENERATE_INFOPLIST_FILE = YES;
				INFOPLIST_KEY_LSApplicationCategoryType = "public.app-category.games";
				INFOPLIST_KEY_NSHumanReadableCopyright = "";
				LD_RUNPATH_SEARCH_PATHS = (
					"$(inherited)",
					"@executable_path/../Frameworks",
				);
				MARKETING_VERSION = 1.0;
				PRODUCT_BUNDLE_IDENTIFIER = com.rnr.Tapper;
				PRODUCT_NAME = "$(TARGET_NAME)";
				SWIFT_EMIT_LOC_STRINGS = YES;
				SWIFT_VERSION = 5.0;
			};
			name = Debug;
		};
		3021AE182CA6D363005D8CB6 /* Release */ = {
			isa = XCBuildConfiguration;
			buildSettings = {
				ASSETCATALOG_COMPILER_APPICON_NAME = AppIcon;
				ASSETCATALOG_COMPILER_GLOBAL_ACCENT_COLOR_NAME = AccentColor;
				ASSETCATALOG_COMPILER_INCLUDE_ALL_APPICON_ASSETS = NO;
				CODE_SIGN_ENTITLEMENTS = Tapper/Tapper.entitlements;
				CODE_SIGN_STYLE = Automatic;
				COMBINE_HIDPI_IMAGES = YES;
				CURRENT_PROJECT_VERSION = 1;
				DEVELOPMENT_ASSET_PATHS = "";
				ENABLE_PREVIEWS = YES;
				GENERATE_INFOPLIST_FILE = YES;
				INFOPLIST_KEY_LSApplicationCategoryType = "public.app-category.games";
				INFOPLIST_KEY_NSHumanReadableCopyright = "";
				LD_RUNPATH_SEARCH_PATHS = (
					"$(inherited)",
					"@executable_path/../Frameworks",
				);
				MARKETING_VERSION = 1.0;
				PRODUCT_BUNDLE_IDENTIFIER = com.rnr.Tapper;
				PRODUCT_NAME = "$(TARGET_NAME)";
				SWIFT_EMIT_LOC_STRINGS = YES;
				SWIFT_VERSION = 5.0;
			};
			name = Release;
		};
		3021AE1A2CA6D363005D8CB6 /* Debug */ = {
			isa = XCBuildConfiguration;
			buildSettings = {
				BUNDLE_LOADER = "$(TEST_HOST)";
				CODE_SIGN_STYLE = Automatic;
				CURRENT_PROJECT_VERSION = 1;
				GENERATE_INFOPLIST_FILE = YES;
				MACOSX_DEPLOYMENT_TARGET = 15.0;
				MARKETING_VERSION = 1.0;
				PRODUCT_BUNDLE_IDENTIFIER = com.rnr.TapperTests;
				PRODUCT_NAME = "$(TARGET_NAME)";
				SWIFT_EMIT_LOC_STRINGS = NO;
				SWIFT_VERSION = 5.0;
				TEST_HOST = "$(BUILT_PRODUCTS_DIR)/Tapper.app/$(BUNDLE_EXECUTABLE_FOLDER_PATH)/Tapper";
			};
			name = Debug;
		};
		3021AE1B2CA6D363005D8CB6 /* Release */ = {
			isa = XCBuildConfiguration;
			buildSettings = {
				BUNDLE_LOADER = "$(TEST_HOST)";
				CODE_SIGN_STYLE = Automatic;
				CURRENT_PROJECT_VERSION = 1;
				GENERATE_INFOPLIST_FILE = YES;
				MACOSX_DEPLOYMENT_TARGET = 15.0;
				MARKETING_VERSION = 1.0;
				PRODUCT_BUNDLE_IDENTIFIER = com.rnr.TapperTests;
				PRODUCT_NAME = "$(TARGET_NAME)";
				SWIFT_EMIT_LOC_STRINGS = NO;
				SWIFT_VERSION = 5.0;
				TEST_HOST = "$(BUILT_PRODUCTS_DIR)/Tapper.app/$(BUNDLE_EXECUTABLE_FOLDER_PATH)/Tapper";
			};
			name = Release;
		};
		3021AE1D2CA6D363005D8CB6 /* Debug */ = {
			isa = XCBuildConfiguration;
			buildSettings = {
				CODE_SIGN_STYLE = Automatic;
				CURRENT_PROJECT_VERSION = 1;
				GENERATE_INFOPLIST_FILE = YES;
				MARKETING_VERSION = 1.0;
				PRODUCT_BUNDLE_IDENTIFIER = com.rnr.TapperUITests;
				PRODUCT_NAME = "$(TARGET_NAME)";
				SWIFT_EMIT_LOC_STRINGS = NO;
				SWIFT_VERSION = 5.0;
				TEST_TARGET_NAME = Tapper;
			};
			name = Debug;
		};
		3021AE1E2CA6D363005D8CB6 /* Release */ = {
			isa = XCBuildConfiguration;
			buildSettings = {
				CODE_SIGN_STYLE = Automatic;
				CURRENT_PROJECT_VERSION = 1;
				GENERATE_INFOPLIST_FILE = YES;
				MARKETING_VERSION = 1.0;
				PRODUCT_BUNDLE_IDENTIFIER = com.rnr.TapperUITests;
				PRODUCT_NAME = "$(TARGET_NAME)";
				SWIFT_EMIT_LOC_STRINGS = NO;
				SWIFT_VERSION = 5.0;
				TEST_TARGET_NAME = Tapper;
			};
			name = Release;
		};
/* End XCBuildConfiguration section */

/* Begin XCConfigurationList section */
		3021ADEC2CA6D360005D8CB6 /* Build configuration list for PBXProject "Tapper" */ = {
			isa = XCConfigurationList;
			buildConfigurations = (
				3021AE142CA6D363005D8CB6 /* Debug */,
				3021AE152CA6D363005D8CB6 /* Release */,
			);
			defaultConfigurationIsVisible = 0;
			defaultConfigurationName = Release;
		};
		3021AE162CA6D363005D8CB6 /* Build configuration list for PBXNativeTarget "Tapper" */ = {
			isa = XCConfigurationList;
			buildConfigurations = (
				3021AE172CA6D363005D8CB6 /* Debug */,
				3021AE182CA6D363005D8CB6 /* Release */,
			);
			defaultConfigurationIsVisible = 0;
			defaultConfigurationName = Release;
		};
		3021AE192CA6D363005D8CB6 /* Build configuration list for PBXNativeTarget "TapperTests" */ = {
			isa = XCConfigurationList;
			buildConfigurations = (
				3021AE1A2CA6D363005D8CB6 /* Debug */,
				3021AE1B2CA6D363005D8CB6 /* Release */,
			);
			defaultConfigurationIsVisible = 0;
			defaultConfigurationName = Release;
		};
		3021AE1C2CA6D363005D8CB6 /* Build configuration list for PBXNativeTarget "TapperUITests" */ = {
			isa = XCConfigurationList;
			buildConfigurations = (
				3021AE1D2CA6D363005D8CB6 /* Debug */,
				3021AE1E2CA6D363005D8CB6 /* Release */,
			);
			defaultConfigurationIsVisible = 0;
			defaultConfigurationName = Release;
		};
/* End XCConfigurationList section */

/* Begin XCRemoteSwiftPackageReference section */
		69BCB4EE2CAD907F009E68B5 /* XCRemoteSwiftPackageReference "SwiftSocket" */ = {
			isa = XCRemoteSwiftPackageReference;
			repositoryURL = "https://github.com/swiftsocket/SwiftSocket?ysclid=m1rynmmkx1923844842";
			requirement = {
				kind = upToNextMajorVersion;
				minimumVersion = 2.1.0;
			};
		};
/* End XCRemoteSwiftPackageReference section */
	};
	rootObject = 3021ADE92CA6D360005D8CB6 /* Project object */;
}
